
Microsoft Visual Studio Solution File, Format Version 12.00
# Visual Studio Version 17
VisualStudioVersion = 17.11.35327.3
MinimumVisualStudioVersion = 10.0.40219.1
Project("{FAE04EC0-301F-11D3-BF4B-00C04F79EFBC}") = "WindowsFormsApp3", "WindowsFormsApp3\WindowsFormsApp3.csproj", "{B4A99CBA-5D76-4585-9DBB-50D15B86599C}"
EndProject
Global
	GlobalSection(SolutionConfigurationPlatforms) = preSolution
		Debug|Any CPU = Debug|Any CPU
		Release|Any CPU = Release|Any CPU
	EndGlobalSection
	GlobalSection(ProjectConfigurationPlatforms) = postSolution
		{B4A99CBA-5D76-4585-9DBB-50D15B86599C}.Debug|Any CPU.ActiveCfg = Debug|Any CPU
		{B4A99CBA-5D76-4585-9DBB-50D15B86599C}.Debug|Any CPU.Build.0 = Debug|Any CPU
		{B4A99CBA-5D76-4585-9DBB-50D15B86599C}.Release|Any CPU.ActiveCfg = Release|Any CPU
		{B4A99CBA-5D76-4585-9DBB-50D15B86599C}.Release|Any CPU.Build.0 = Release|Any CPU
	EndGlobalSection
	GlobalSection(SolutionProperties) = preSolution
		HideSolutionNode = FALSE
	EndGlobalSection
	GlobalSection(ExtensibilityGlobals) = postSolution
		SolutionGuid = {A26B06FD-E145-4391-84D3-D0C04239FE49}
	EndGlobalSection
EndGlobal
